
Microsoft Visual Studio Solution File, Format Version 12.00
# Visual Studio 15
Project("{FAE04EC0-301F-11D3-BF4B-00C04F79EFBC}") = "Boxophobic.Utils.Scripts", "Boxophobic.Utils.Scripts.csproj", "{732564B8-721E-5C2A-F644-80E30556C032}"
EndProject
Project("{FAE04EC0-301F-11D3-BF4B-00C04F79EFBC}") = "Assembly-CSharp", "Assembly-CSharp.csproj", "{5CA11CF2-E63B-9EBE-C711-876C29AA3765}"
EndProject
Project("{FAE04EC0-301F-11D3-BF4B-00C04F79EFBC}") = "Boxophobic.Utils.Editor", "Boxophobic.Utils.Editor.csproj", "{DD1D5BF5-2FF4-183F-01DA-80A990AE22CF}"
EndProject
Project("{FAE04EC0-301F-11D3-BF4B-00C04F79EFBC}") = "Boxophobic.SkyboxCubemapExtended.Editor", "Boxophobic.SkyboxCubemapExtended.Editor.csproj", "{1B9082EC-B1A9-D8E7-5F35-BF337DF03567}"
EndProject
Project("{FAE04EC0-301F-11D3-BF4B-00C04F79EFBC}") = "Assembly-CSharp-Editor", "Assembly-CSharp-Editor.csproj", "{64EC79FE-77A4-09B6-76EF-44C73AD61694}"
EndProject
Global
	GlobalSection(SolutionConfigurationPlatforms) = preSolution
		Debug|Any CPU = Debug|Any CPU
		Release|Any CPU = Release|Any CPU
	EndGlobalSection
	GlobalSection(ProjectConfigurationPlatforms) = postSolution
		{732564B8-721E-5C2A-F644-80E30556C032}.Debug|Any CPU.ActiveCfg = Debug|Any CPU
		{732564B8-721E-5C2A-F644-80E30556C032}.Debug|Any CPU.Build.0 = Debug|Any CPU
		{732564B8-721E-5C2A-F644-80E30556C032}.Release|Any CPU.ActiveCfg = Release|Any CPU
		{732564B8-721E-5C2A-F644-80E30556C032}.Release|Any CPU.Build.0 = Release|Any CPU
		{5CA11CF2-E63B-9EBE-C711-876C29AA3765}.Debug|Any CPU.ActiveCfg = Debug|Any CPU
		{5CA11CF2-E63B-9EBE-C711-876C29AA3765}.Debug|Any CPU.Build.0 = Debug|Any CPU
		{5CA11CF2-E63B-9EBE-C711-876C29AA3765}.Release|Any CPU.ActiveCfg = Release|Any CPU
		{5CA11CF2-E63B-9EBE-C711-876C29AA3765}.Release|Any CPU.Build.0 = Release|Any CPU
		{DD1D5BF5-2FF4-183F-01DA-80A990AE22CF}.Debug|Any CPU.ActiveCfg = Debug|Any CPU
		{DD1D5BF5-2FF4-183F-01DA-80A990AE22CF}.Debug|Any CPU.Build.0 = Debug|Any CPU
		{DD1D5BF5-2FF4-183F-01DA-80A990AE22CF}.Release|Any CPU.ActiveCfg = Release|Any CPU
		{DD1D5BF5-2FF4-183F-01DA-80A990AE22CF}.Release|Any CPU.Build.0 = Release|Any CPU
		{1B9082EC-B1A9-D8E7-5F35-BF337DF03567}.Debug|Any CPU.ActiveCfg = Debug|Any CPU
		{1B9082EC-B1A9-D8E7-5F35-BF337DF03567}.Debug|Any CPU.Build.0 = Debug|Any CPU
		{1B9082EC-B1A9-D8E7-5F35-BF337DF03567}.Release|Any CPU.ActiveCfg = Release|Any CPU
		{1B9082EC-B1A9-D8E7-5F35-BF337DF03567}.Release|Any CPU.Build.0 = Release|Any CPU
		{64EC79FE-77A4-09B6-76EF-44C73AD61694}.Debug|Any CPU.ActiveCfg = Debug|Any CPU
		{64EC79FE-77A4-09B6-76EF-44C73AD61694}.Debug|Any CPU.Build.0 = Debug|Any CPU
		{64EC79FE-77A4-09B6-76EF-44C73AD61694}.Release|Any CPU.ActiveCfg = Release|Any CPU
		{64EC79FE-77A4-09B6-76EF-44C73AD61694}.Release|Any CPU.Build.0 = Release|Any CPU
	EndGlobalSection
	GlobalSection(SolutionProperties) = preSolution
		HideSolutionNode = FALSE
	EndGlobalSection
EndGlobal
